
Microsoft Visual Studio Solution File, Format Version 12.00
# Visual Studio Version 18
VisualStudioVersion = 18.6.11723.189 insiders
MinimumVisualStudioVersion = 10.0.40219.1
Project("{FAE04EC0-301F-11D3-BF4B-00C04F79EFBC}") = "EntBot.Wpf", "EntBot.Wpf.csproj", "{3B70AC88-B943-7A36-F62B-FD2C079652EE}"
EndProject
Global
	GlobalSection(SolutionConfigurationPlatforms) = preSolution
		Debug|Any CPU = Debug|Any CPU
		Release|Any CPU = Release|Any CPU
	EndGlobalSection
	GlobalSection(ProjectConfigurationPlatforms) = postSolution
		{3B70AC88-B943-7A36-F62B-FD2C079652EE}.Debug|Any CPU.ActiveCfg = Debug|Any CPU
		{3B70AC88-B943-7A36-F62B-FD2C079652EE}.Debug|Any CPU.Build.0 = Debug|Any CPU
		{3B70AC88-B943-7A36-F62B-FD2C079652EE}.Release|Any CPU.ActiveCfg = Release|Any CPU
		{3B70AC88-B943-7A36-F62B-FD2C079652EE}.Release|Any CPU.Build.0 = Release|Any CPU
	EndGlobalSection
	GlobalSection(SolutionProperties) = preSolution
		HideSolutionNode = FALSE
	EndGlobalSection
	GlobalSection(ExtensibilityGlobals) = postSolution
		SolutionGuid = {49B89AAB-5ADC-4B4A-A0AF-B4E3EC83A3D6}
	EndGlobalSection
EndGlobal
